
Microsoft Visual Studio Solution File, Format Version 12.00
# Visual Studio Version 17
VisualStudioVersion = 17.9.34622.214
MinimumVisualStudioVersion = 10.0.40219.1
Project("{8BC9CEB8-8B4A-11D0-8D11-00A0C91BC942}") = "ex1", "ex1.vcxproj", "{0575BCE1-DA5B-4356-BB39-A6DA45D21797}"
EndProject
Global
	GlobalSection(SolutionConfigurationPlatforms) = preSolution
		Debug|x64 = Debug|x64
		Debug|x86 = Debug|x86
		Release|x64 = Release|x64
		Release|x86 = Release|x86
	EndGlobalSection
	GlobalSection(ProjectConfigurationPlatforms) = postSolution
		{0575BCE1-DA5B-4356-BB39-A6DA45D21797}.Debug|x64.ActiveCfg = Debug|x64
		{0575BCE1-DA5B-4356-BB39-A6DA45D21797}.Debug|x64.Build.0 = Debug|x64
		{0575BCE1-DA5B-4356-BB39-A6DA45D21797}.Debug|x86.ActiveCfg = Debug|Win32
		{0575BCE1-DA5B-4356-BB39-A6DA45D21797}.Debug|x86.Build.0 = Debug|Win32
		{0575BCE1-DA5B-4356-BB39-A6DA45D21797}.Release|x64.ActiveCfg = Release|x64
		{0575BCE1-DA5B-4356-BB39-A6DA45D21797}.Release|x64.Build.0 = Release|x64
		{0575BCE1-DA5B-4356-BB39-A6DA45D21797}.Release|x86.ActiveCfg = Release|Win32
		{0575BCE1-DA5B-4356-BB39-A6DA45D21797}.Release|x86.Build.0 = Release|Win32
	EndGlobalSection
	GlobalSection(SolutionProperties) = preSolution
		HideSolutionNode = FALSE
	EndGlobalSection
	GlobalSection(ExtensibilityGlobals) = postSolution
		SolutionGuid = {175FBEEE-5A2E-48DE-9FAC-58450A10F1ED}
	EndGlobalSection
EndGlobal
